// !$*UTF8*$!
{
	archiveVersion = 1;
	classes = {
	};
	objectVersion = 51;
	objects = {

/* Begin PBXBuildFile section */
		7125908125BE56D800744934 /* JsAPI.swift in Sources */ = {isa = PBXBuildFile; fileRef = 7125908025BE56D800744934 /* JsAPI.swift */; };
		7125908925BE993A00744934 /* LoginViewController.swift in Sources */ = {isa = PBXBuildFile; fileRef = 7125908725BE993A00744934 /* LoginViewController.swift */; };
		7125908A25BE993A00744934 /* LoginViewController.xib in Resources */ = {isa = PBXBuildFile; fileRef = 7125908825BE993A00744934 /* LoginViewController.xib */; };
		713081CA25B7FC6E006CCD36 /* AppDelegate.swift in Sources */ = {isa = PBXBuildFile; fileRef = 713081C925B7FC6E006CCD36 /* AppDelegate.swift */; };
		713081CC25B7FC6E006CCD36 /* SceneDelegate.swift in Sources */ = {isa = PBXBuildFile; fileRef = 713081CB25B7FC6E006CCD36 /* SceneDelegate.swift */; };
		713081CE25B7FC6E006CCD36 /* ViewController.swift in Sources */ = {isa = PBXBuildFile; fileRef = 713081CD25B7FC6E006CCD36 /* ViewController.swift */; };
		713081D125B7FC6E006CCD36 /* Main.storyboard in Resources */ = {isa = PBXBuildFile; fileRef = 713081CF25B7FC6E006CCD36 /* Main.storyboard */; };
		713081D325B7FC71006CCD36 /* Assets.xcassets in Resources */ = {isa = PBXBuildFile; fileRef = 713081D225B7FC71006CCD36 /* Assets.xcassets */; };
		713081D625B7FC71006CCD36 /* LaunchScreen.storyboard in Resources */ = {isa = PBXBuildFile; fileRef = 713081D425B7FC71006CCD36 /* LaunchScreen.storyboard */; };
		A54F53B436E58C8C79802228 /* Pods_WebViewDemo.framework in Frameworks */ = {isa = PBXBuildFile; fileRef = 26E8E9F5690866D77E7AE11A /* Pods_WebViewDemo.framework */; };
/* End PBXBuildFile section */

/* Begin PBXFileReference section */
		26E8E9F5690866D77E7AE11A /* Pods_WebViewDemo.framework */ = {isa = PBXFileReference; explicitFileType = wrapper.framework; includeInIndex = 0; path = Pods_WebViewDemo.framework; sourceTree = BUILT_PRODUCTS_DIR; };
		62DA6F45B6C8812A59835131 /* Pods-WebViewDemo.release.xcconfig */ = {isa = PBXFileReference; includeInIndex = 1; lastKnownFileType = text.xcconfig; name = "Pods-WebViewDemo.release.xcconfig"; path = "Target Support Files/Pods-WebViewDemo/Pods-WebViewDemo.release.xcconfig"; sourceTree = "<group>"; };
		7125908025BE56D800744934 /* JsAPI.swift */ = {isa = PBXFileReference; lastKnownFileType = sourcecode.swift; path = JsAPI.swift; sourceTree = "<group>"; };
		7125908725BE993A00744934 /* LoginViewController.swift */ = {isa = PBXFileReference; lastKnownFileType = sourcecode.swift; path = LoginViewController.swift; sourceTree = "<group>"; };
		7125908825BE993A00744934 /* LoginViewController.xib */ = {isa = PBXFileReference; lastKnownFileType = file.xib; path = LoginViewController.xib; sourceTree = "<group>"; };
		713081C625B7FC6E006CCD36 /* WebViewDemo.app */ = {isa = PBXFileReference; explicitFileType = wrapper.application; includeInIndex = 0; path = WebViewDemo.app; sourceTree = BUILT_PRODUCTS_DIR; };
		713081C925B7FC6E006CCD36 /* AppDelegate.swift */ = {isa = PBXFileReference; lastKnownFileType = sourcecode.swift; path = AppDelegate.swift; sourceTree = "<group>"; };
		713081CB25B7FC6E006CCD36 /* SceneDelegate.swift */ = {isa = PBXFileReference; lastKnownFileType = sourcecode.swift; path = SceneDelegate.swift; sourceTree = "<group>"; };
		713081CD25B7FC6E006CCD36 /* ViewController.swift */ = {isa = PBXFileReference; lastKnownFileType = sourcecode.swift; path = ViewController.swift; sourceTree = "<group>"; };
		713081D025B7FC6E006CCD36 /* Base */ = {isa = PBXFileReference; lastKnownFileType = file.storyboard; name = Base; path = Base.lproj/Main.storyboard; sourceTree = "<group>"; };
		713081D225B7FC71006CCD36 /* Assets.xcassets */ = {isa = PBXFileReference; lastKnownFileType = folder.assetcatalog; path = Assets.xcassets; sourceTree = "<group>"; };
		713081D525B7FC71006CCD36 /* Base */ = {isa = PBXFileReference; lastKnownFileType = file.storyboard; name = Base; path = Base.lproj/LaunchScreen.storyboard; sourceTree = "<group>"; };
		713081D725B7FC71006CCD36 /* Info.plist */ = {isa = PBXFileReference; lastKnownFileType = text.plist.xml; path = Info.plist; sourceTree = "<group>"; };
		B1C884992E3095313BF33952 /* Pods-WebViewDemo.debug.xcconfig */ = {isa = PBXFileReference; includeInIndex = 1; lastKnownFileType = text.xcconfig; name = "Pods-WebViewDemo.debug.xcconfig"; path = "Target Support Files/Pods-WebViewDemo/Pods-WebViewDemo.debug.xcconfig"; sourceTree = "<group>"; };
/* End PBXFileReference section */

/* Begin PBXFrameworksBuildPhase section */
		713081C325B7FC6E006CCD36 /* Frameworks */ = {
			isa = PBXFrameworksBuildPhase;
			buildActionMask = 2147483647;
			files = (
				A54F53B436E58C8C79802228 /* Pods_WebViewDemo.framework in Frameworks */,
			);
			runOnlyForDeploymentPostprocessing = 0;
		};
/* End PBXFrameworksBuildPhase section */

/* Begin PBXGroup section */
		713081BD25B7FC6E006CCD36 = {
			isa = PBXGroup;
			children = (
				713081C825B7FC6E006CCD36 /* WebViewDemo */,
				713081C725B7FC6E006CCD36 /* Products */,
				DCF25E02814BEE8D59C2EE3B /* Pods */,
				9C0CCFD3BC7E3103A2D12E01 /* Frameworks */,
			);
			sourceTree = "<group>";
		};
		713081C725B7FC6E006CCD36 /* Products */ = {
			isa = PBXGroup;
			children = (
				713081C625B7FC6E006CCD36 /* WebViewDemo.app */,
			);
			name = Products;
			sourceTree = "<group>";
		};
		713081C825B7FC6E006CCD36 /* WebViewDemo */ = {
			isa = PBXGroup;
			children = (
				713081C925B7FC6E006CCD36 /* AppDelegate.swift */,
				713081CB25B7FC6E006CCD36 /* SceneDelegate.swift */,
				713081CD25B7FC6E006CCD36 /* ViewController.swift */,
				7125908025BE56D800744934 /* JsAPI.swift */,
				7125908725BE993A00744934 /* LoginViewController.swift */,
				7125908825BE993A00744934 /* LoginViewController.xib */,
				713081CF25B7FC6E006CCD36 /* Main.storyboard */,
				713081D225B7FC71006CCD36 /* Assets.xcassets */,
				713081D425B7FC71006CCD36 /* LaunchScreen.storyboard */,
				713081D725B7FC71006CCD36 /* Info.plist */,
			);
			path = WebViewDemo;
			sourceTree = "<group>";
		};
		9C0CCFD3BC7E3103A2D12E01 /* Frameworks */ = {
			isa = PBXGroup;
			children = (
				26E8E9F5690866D77E7AE11A /* Pods_WebViewDemo.framework */,
			);
			name = Frameworks;
			sourceTree = "<group>";
		};
		DCF25E02814BEE8D59C2EE3B /* Pods */ = {
			isa = PBXGroup;
			children = (
				B1C884992E3095313BF33952 /* Pods-WebViewDemo.debug.xcconfig */,
				62DA6F45B6C8812A59835131 /* Pods-WebViewDemo.release.xcconfig */,
			);
			path = Pods;
			sourceTree = "<group>";
		};
/* End PBXGroup section */

/* Begin PBXNativeTarget section */
		713081C525B7FC6E006CCD36 /* WebViewDemo */ = {
			isa = PBXNativeTarget;
			buildConfigurationList = 713081DA25B7FC71006CCD36 /* Build configuration list for PBXNativeTarget "WebViewDemo" */;
			buildPhases = (
				EC4E536266989DB069393675 /* [CP] Check Pods Manifest.lock */,
				713081C225B7FC6E006CCD36 /* Sources */,
				713081C325B7FC6E006CCD36 /* Frameworks */,
				713081C425B7FC6E006CCD36 /* Resources */,
				B23C0264273926FF0DA201BE /* [CP] Embed Pods Frameworks */,
			);
			buildRules = (
			);
			dependencies = (
			);
			name = WebViewDemo;
			productName = WebViewDemo;
			productReference = 713081C625B7FC6E006CCD36 /* WebViewDemo.app */;
			productType = "com.apple.product-type.application";
		};
/* End PBXNativeTarget section */

/* Begin PBXProject section */
		713081BE25B7FC6E006CCD36 /* Project object */ = {
			isa = PBXProject;
			attributes = {
				LastSwiftUpdateCheck = 1220;
				LastUpgradeCheck = 1220;
				TargetAttributes = {
					713081C525B7FC6E006CCD36 = {
						CreatedOnToolsVersion = 12.2;
					};
				};
			};
			buildConfigurationList = 713081C125B7FC6E006CCD36 /* Build configuration list for PBXProject "WebViewDemo" */;
			compatibilityVersion = "Xcode 9.3";
			developmentRegion = en;
			hasScannedForEncodings = 0;
			knownRegions = (
				en,
				Base,
			);
			mainGroup = 713081BD25B7FC6E006CCD36;
			productRefGroup = 713081C725B7FC6E006CCD36 /* Products */;
			projectDirPath = "";
			projectRoot = "";
			targets = (
				713081C525B7FC6E006CCD36 /* WebViewDemo */,
			);
		};
/* End PBXProject section */

/* Begin PBXResourcesBuildPhase section */
		713081C425B7FC6E006CCD36 /* Resources */ = {
			isa = PBXResourcesBuildPhase;
			buildActionMask = 2147483647;
			files = (
				7125908A25BE993A00744934 /* LoginViewController.xib in Resources */,
				713081D625B7FC71006CCD36 /* LaunchScreen.storyboard in Resources */,
				713081D325B7FC71006CCD36 /* Assets.xcassets in Resources */,
				713081D125B7FC6E006CCD36 /* Main.storyboard in Resources */,
			);
			runOnlyForDeploymentPostprocessing = 0;
		};
/* End PBXResourcesBuildPhase section */

/* Begin PBXShellScriptBuildPhase section */
		B23C0264273926FF0DA201BE /* [CP] Embed Pods Frameworks */ = {
			isa = PBXShellScriptBuildPhase;
			buildActionMask = 2147483647;
			files = (
			);
			inputFileListPaths = (
				"${PODS_ROOT}/Target Support Files/Pods-WebViewDemo/Pods-WebViewDemo-frameworks-${CONFIGURATION}-input-files.xcfilelist",
			);
			name = "[CP] Embed Pods Frameworks";
			outputFileListPaths = (
				"${PODS_ROOT}/Target Support Files/Pods-WebViewDemo/Pods-WebViewDemo-frameworks-${CONFIGURATION}-output-files.xcfilelist",
			);
			runOnlyForDeploymentPostprocessing = 0;
			shellPath = /bin/sh;
			shellScript = "\"${PODS_ROOT}/Target Support Files/Pods-WebViewDemo/Pods-WebViewDemo-frameworks.sh\"\n";
			showEnvVarsInLog = 0;
		};
		EC4E536266989DB069393675 /* [CP] Check Pods Manifest.lock */ = {
			isa = PBXShellScriptBuildPhase;
			buildActionMask = 2147483647;
			files = (
			);
			inputFileListPaths = (
			);
			inputPaths = (
				"${PODS_PODFILE_DIR_PATH}/Podfile.lock",
				"${PODS_ROOT}/Manifest.lock",
			);
			name = "[CP] Check Pods Manifest.lock";
			outputFileListPaths = (
			);
			outputPaths = (
				"$(DERIVED_FILE_DIR)/Pods-WebViewDemo-checkManifestLockResult.txt",
			);
			runOnlyForDeploymentPostprocessing = 0;
			shellPath = /bin/sh;
			shellScript = "diff \"${PODS_PODFILE_DIR_PATH}/Podfile.lock\" \"${PODS_ROOT}/Manifest.lock\" > /dev/null\nif [ $? != 0 ] ; then\n    # print error to STDERR\n    echo \"error: The sandbox is not in sync with the Podfile.lock. Run 'pod install' or update your CocoaPods installation.\" >&2\n    exit 1\nfi\n# This output is used by Xcode 'outputs' to avoid re-running this script phase.\necho \"SUCCESS\" > \"${SCRIPT_OUTPUT_FILE_0}\"\n";
			showEnvVarsInLog = 0;
		};
/* End PBXShellScriptBuildPhase section */

/* Begin PBXSourcesBuildPhase section */
		713081C225B7FC6E006CCD36 /* Sources */ = {
			isa = PBXSourcesBuildPhase;
			buildActionMask = 2147483647;
			files = (
				713081CE25B7FC6E006CCD36 /* ViewController.swift in Sources */,
				7125908125BE56D800744934 /* JsAPI.swift in Sources */,
				713081CA25B7FC6E006CCD36 /* AppDelegate.swift in Sources */,
				7125908925BE993A00744934 /* LoginViewController.swift in Sources */,
				713081CC25B7FC6E006CCD36 /* SceneDelegate.swift in Sources */,
			);
			runOnlyForDeploymentPostprocessing = 0;
		};
/* End PBXSourcesBuildPhase section */

/* Begin PBXVariantGroup section */
		713081CF25B7FC6E006CCD36 /* Main.storyboard */ = {
			isa = PBXVariantGroup;
			children = (
				713081D025B7FC6E006CCD36 /* Base */,
			);
			name = Main.storyboard;
			sourceTree = "<group>";
		};
		713081D425B7FC71006CCD36 /* LaunchScreen.storyboard */ = {
			isa = PBXVariantGroup;
			children = (
				713081D525B7FC71006CCD36 /* Base */,
			);
			name = LaunchScreen.storyboard;
			sourceTree = "<group>";
		};
/* End PBXVariantGroup section */

/* Begin XCBuildConfiguration section */
		713081D825B7FC71006CCD36 /* Debug */ = {
			isa = XCBuildConfiguration;
			buildSettings = {
				ALWAYS_SEARCH_USER_PATHS = NO;
				CLANG_ANALYZER_NONNULL = YES;
				CLANG_ANALYZER_NUMBER_OBJECT_CONVERSION = YES_AGGRESSIVE;
				CLANG_CXX_LANGUAGE_STANDARD = "gnu++14";
				CLANG_CXX_LIBRARY = "libc++";
				CLANG_ENABLE_MODULES = YES;
				CLANG_ENABLE_OBJC_ARC = YES;
				CLANG_ENABLE_OBJC_WEAK = YES;
				CLANG_WARN_BLOCK_CAPTURE_AUTORELEASING = YES;
				CLANG_WARN_BOOL_CONVERSION = YES;
				CLANG_WARN_COMMA = YES;
				CLANG_WARN_CONSTANT_CONVERSION = YES;
				CLANG_WARN_DEPRECATED_OBJC_IMPLEMENTATIONS = YES;
				CLANG_WARN_DIRECT_OBJC_ISA_USAGE = YES_ERROR;
				CLANG_WARN_DOCUMENTATION_COMMENTS = YES;
				CLANG_WARN_EMPTY_BODY = YES;
				CLANG_WARN_ENUM_CONVERSION = YES;
				CLANG_WARN_INFINITE_RECURSION = YES;
				CLANG_WARN_INT_CONVERSION = YES;
				CLANG_WARN_NON_LITERAL_NULL_CONVERSION = YES;
				CLANG_WARN_OBJC_IMPLICIT_RETAIN_SELF = YES;
				CLANG_WARN_OBJC_LITERAL_CONVERSION = YES;
				CLANG_WARN_OBJC_ROOT_CLASS = YES_ERROR;
				CLANG_WARN_QUOTED_INCLUDE_IN_FRAMEWORK_HEADER = YES;
				CLANG_WARN_RANGE_LOOP_ANALYSIS = YES;
				CLANG_WARN_STRICT_PROTOTYPES = YES;
				CLANG_WARN_SUSPICIOUS_MOVE = YES;
				CLANG_WARN_UNGUARDED_AVAILABILITY = YES_AGGRESSIVE;
				CLANG_WARN_UNREACHABLE_CODE = YES;
				CLANG_WARN__DUPLICATE_METHOD_MATCH = YES;
				COPY_PHASE_STRIP = NO;
				DEBUG_INFORMATION_FORMAT = dwarf;
				ENABLE_STRICT_OBJC_MSGSEND = YES;
				ENABLE_TESTABILITY = YES;
				GCC_C_LANGUAGE_STANDARD = gnu11;
				GCC_DYNAMIC_NO_PIC = NO;
				GCC_NO_COMMON_BLOCKS = YES;
				GCC_OPTIMIZATION_LEVEL = 0;
				GCC_PREPROCESSOR_DEFINITIONS = (
					"DEBUG=1",
					"$(inherited)",
				);
				GCC_WARN_64_TO_32_BIT_CONVERSION = YES;
				GCC_WARN_ABOUT_RETURN_TYPE = YES_ERROR;
				GCC_WARN_UNDECLARED_SELECTOR = YES;
				GCC_WARN_UNINITIALIZED_AUTOS = YES_AGGRESSIVE;
				GCC_WARN_UNUSED_FUNCTION = YES;
				GCC_WARN_UNUSED_VARIABLE = YES;
				IPHONEOS_DEPLOYMENT_TARGET = 14.2;
				MTL_ENABLE_DEBUG_INFO = INCLUDE_SOURCE;
				MTL_FAST_MATH = YES;
				ONLY_ACTIVE_ARCH = YES;
				SDKROOT = iphoneos;
				SWIFT_ACTIVE_COMPILATION_CONDITIONS = DEBUG;
				SWIFT_OPTIMIZATION_LEVEL = "-Onone";
			};
			name = Debug;
		};
		713081D925B7FC71006CCD36 /* Release */ = {
			isa = XCBuildConfiguration;
			buildSettings = {
				ALWAYS_SEARCH_USER_PATHS = NO;
				CLANG_ANALYZER_NONNULL = YES;
				CLANG_ANALYZER_NUMBER_OBJECT_CONVERSION = YES_AGGRESSIVE;
				CLANG_CXX_LANGUAGE_STANDARD = "gnu++14";
				CLANG_CXX_LIBRARY = "libc++";
				CLANG_ENABLE_MODULES = YES;
				CLANG_ENABLE_OBJC_ARC = YES;
				CLANG_ENABLE_OBJC_WEAK = YES;
				CLANG_WARN_BLOCK_CAPTURE_AUTORELEASING = YES;
				CLANG_WARN_BOOL_CONVERSION = YES;
				CLANG_WARN_COMMA = YES;
				CLANG_WARN_CONSTANT_CONVERSION = YES;
				CLANG_WARN_DEPRECATED_OBJC_IMPLEMENTATIONS = YES;
				CLANG_WARN_DIRECT_OBJC_ISA_USAGE = YES_ERROR;
				CLANG_WARN_DOCUMENTATION_COMMENTS = YES;
				CLANG_WARN_EMPTY_BODY = YES;
				CLANG_WARN_ENUM_CONVERSION = YES;
				CLANG_WARN_INFINITE_RECURSION = YES;
				CLANG_WARN_INT_CONVERSION = YES;
				CLANG_WARN_NON_LITERAL_NULL_CONVERSION = YES;
				CLANG_WARN_OBJC_IMPLICIT_RETAIN_SELF = YES;
				CLANG_WARN_OBJC_LITERAL_CONVERSION = YES;
				CLANG_WARN_OBJC_ROOT_CLASS = YES_ERROR;
				CLANG_WARN_QUOTED_INCLUDE_IN_FRAMEWORK_HEADER = YES;
				CLANG_WARN_RANGE_LOOP_ANALYSIS = YES;
				CLANG_WARN_STRICT_PROTOTYPES = YES;
				CLANG_WARN_SUSPICIOUS_MOVE = YES;
				CLANG_WARN_UNGUARDED_AVAILABILITY = YES_AGGRESSIVE;
				CLANG_WARN_UNREACHABLE_CODE = YES;
				CLANG_WARN__DUPLICATE_METHOD_MATCH = YES;
				COPY_PHASE_STRIP = NO;
				DEBUG_INFORMATION_FORMAT = "dwarf-with-dsym";
				ENABLE_NS_ASSERTIONS = NO;
				ENABLE_STRICT_OBJC_MSGSEND = YES;
				GCC_C_LANGUAGE_STANDARD = gnu11;
				GCC_NO_COMMON_BLOCKS = YES;
				GCC_WARN_64_TO_32_BIT_CONVERSION = YES;
				GCC_WARN_ABOUT_RETURN_TYPE = YES_ERROR;
				GCC_WARN_UNDECLARED_SELECTOR = YES;
				GCC_WARN_UNINITIALIZED_AUTOS = YES_AGGRESSIVE;
				GCC_WARN_UNUSED_FUNCTION = YES;
				GCC_WARN_UNUSED_VARIABLE = YES;
				IPHONEOS_DEPLOYMENT_TARGET = 14.2;
				MTL_ENABLE_DEBUG_INFO = NO;
				MTL_FAST_MATH = YES;
				SDKROOT = iphoneos;
				SWIFT_COMPILATION_MODE = wholemodule;
				SWIFT_OPTIMIZATION_LEVEL = "-O";
				VALIDATE_PRODUCT = YES;
			};
			name = Release;
		};
		713081DB25B7FC71006CCD36 /* Debug */ = {
			isa = XCBuildConfiguration;
			baseConfigurationReference = B1C884992E3095313BF33952 /* Pods-WebViewDemo.debug.xcconfig */;
			buildSettings = {
				ASSETCATALOG_COMPILER_APPICON_NAME = AppIcon;
				ASSETCATALOG_COMPILER_GLOBAL_ACCENT_COLOR_NAME = AccentColor;
				CODE_SIGN_STYLE = Automatic;
				INFOPLIST_FILE = WebViewDemo/Info.plist;
				LD_RUNPATH_SEARCH_PATHS = (
					"$(inherited)",
					"@executable_path/Frameworks",
				);
				PRODUCT_BUNDLE_IDENTIFIER = com.bing.WebViewDemo;
				PRODUCT_NAME = "$(TARGET_NAME)";
				SWIFT_VERSION = 5.0;
				TARGETED_DEVICE_FAMILY = "1,2";
			};
			name = Debug;
		};
		713081DC25B7FC71006CCD36 /* Release */ = {
			isa = XCBuildConfiguration;
			baseConfigurationReference = 62DA6F45B6C8812A59835131 /* Pods-WebViewDemo.release.xcconfig */;
			buildSettings = {
				ASSETCATALOG_COMPILER_APPICON_NAME = AppIcon;
				ASSETCATALOG_COMPILER_GLOBAL_ACCENT_COLOR_NAME = AccentColor;
				CODE_SIGN_STYLE = Automatic;
				INFOPLIST_FILE = WebViewDemo/Info.plist;
				LD_RUNPATH_SEARCH_PATHS = (
					"$(inherited)",
					"@executable_path/Frameworks",
				);
				PRODUCT_BUNDLE_IDENTIFIER = com.bing.WebViewDemo;
				PRODUCT_NAME = "$(TARGET_NAME)";
				SWIFT_VERSION = 5.0;
				TARGETED_DEVICE_FAMILY = "1,2";
			};
			name = Release;
		};
/* End XCBuildConfiguration section */

/* Begin XCConfigurationList section */
		713081C125B7FC6E006CCD36 /* Build configuration list for PBXProject "WebViewDemo" */ = {
			isa = XCConfigurationList;
			buildConfigurations = (
				713081D825B7FC71006CCD36 /* Debug */,
				713081D925B7FC71006CCD36 /* Release */,
			);
			defaultConfigurationIsVisible = 0;
			defaultConfigurationName = Release;
		};
		713081DA25B7FC71006CCD36 /* Build configuration list for PBXNativeTarget "WebViewDemo" */ = {
			isa = XCConfigurationList;
			buildConfigurations = (
				713081DB25B7FC71006CCD36 /* Debug */,
				713081DC25B7FC71006CCD36 /* Release */,
			);
			defaultConfigurationIsVisible = 0;
			defaultConfigurationName = Release;
		};
/* End XCConfigurationList section */
	};
	rootObject = 713081BE25B7FC6E006CCD36 /* Project object */;
}
